
Microsoft Visual Studio Solution File, Format Version 12.00
# Visual Studio Version 17
VisualStudioVersion = 17.2.32616.157
MinimumVisualStudioVersion = 10.0.40219.1
Project("{FAE04EC0-301F-11D3-BF4B-00C04F79EFBC}") = "TestCrudAmediaR", "TestCrudAmediaR\TestCrudAmediaR.csproj", "{D5BE2E7C-B88F-47B7-AFD6-865C44D8B042}"
EndProject
Global
	GlobalSection(SolutionConfigurationPlatforms) = preSolution
		Debug|Any CPU = Debug|Any CPU
		Release|Any CPU = Release|Any CPU
	EndGlobalSection
	GlobalSection(ProjectConfigurationPlatforms) = postSolution
		{D5BE2E7C-B88F-47B7-AFD6-865C44D8B042}.Debug|Any CPU.ActiveCfg = Debug|Any CPU
		{D5BE2E7C-B88F-47B7-AFD6-865C44D8B042}.Debug|Any CPU.Build.0 = Debug|Any CPU
		{D5BE2E7C-B88F-47B7-AFD6-865C44D8B042}.Release|Any CPU.ActiveCfg = Release|Any CPU
		{D5BE2E7C-B88F-47B7-AFD6-865C44D8B042}.Release|Any CPU.Build.0 = Release|Any CPU
	EndGlobalSection
	GlobalSection(SolutionProperties) = preSolution
		HideSolutionNode = FALSE
	EndGlobalSection
	GlobalSection(ExtensibilityGlobals) = postSolution
		SolutionGuid = {EA3CF657-756A-4FB0-B292-24EF967AD66B}
	EndGlobalSection
EndGlobal
